// !$*UTF8*$!
{
	archiveVersion = 1;
	classes = {
	};
	objectVersion = 46;
	objects = {

/* Begin PBXBuildFile section */
		1078CAE8578CE416C21F933D /* Pods_WTabbar_Example.framework in Frameworks */ = {isa = PBXBuildFile; fileRef = EDCAC752CADB2C573A4284E3 /* Pods_WTabbar_Example.framework */; };
		6003F58E195388D20070C39A /* Foundation.framework in Frameworks */ = {isa = PBXBuildFile; fileRef = 6003F58D195388D20070C39A /* Foundation.framework */; };
		6003F590195388D20070C39A /* CoreGraphics.framework in Frameworks */ = {isa = PBXBuildFile; fileRef = 6003F58F195388D20070C39A /* CoreGraphics.framework */; };
		6003F592195388D20070C39A /* UIKit.framework in Frameworks */ = {isa = PBXBuildFile; fileRef = 6003F591195388D20070C39A /* UIKit.framework */; };
		6003F598195388D20070C39A /* InfoPlist.strings in Resources */ = {isa = PBXBuildFile; fileRef = 6003F596195388D20070C39A /* InfoPlist.strings */; };
		6003F59A195388D20070C39A /* main.m in Sources */ = {isa = PBXBuildFile; fileRef = 6003F599195388D20070C39A /* main.m */; };
		6003F59E195388D20070C39A /* WTABBARPREFIXAppDelegate.m in Sources */ = {isa = PBXBuildFile; fileRef = 6003F59D195388D20070C39A /* WTABBARPREFIXAppDelegate.m */; };
		6003F5A7195388D20070C39A /* WTABBARPREFIXViewController.m in Sources */ = {isa = PBXBuildFile; fileRef = 6003F5A6195388D20070C39A /* WTABBARPREFIXViewController.m */; };
		6003F5A9195388D20070C39A /* Images.xcassets in Resources */ = {isa = PBXBuildFile; fileRef = 6003F5A8195388D20070C39A /* Images.xcassets */; };
		6003F5B0195388D20070C39A /* XCTest.framework in Frameworks */ = {isa = PBXBuildFile; fileRef = 6003F5AF195388D20070C39A /* XCTest.framework */; };
		6003F5B1195388D20070C39A /* Foundation.framework in Frameworks */ = {isa = PBXBuildFile; fileRef = 6003F58D195388D20070C39A /* Foundation.framework */; };
		6003F5B2195388D20070C39A /* UIKit.framework in Frameworks */ = {isa = PBXBuildFile; fileRef = 6003F591195388D20070C39A /* UIKit.framework */; };
		6003F5BA195388D20070C39A /* InfoPlist.strings in Resources */ = {isa = PBXBuildFile; fileRef = 6003F5B8195388D20070C39A /* InfoPlist.strings */; };
		6003F5BC195388D20070C39A /* Tests.m in Sources */ = {isa = PBXBuildFile; fileRef = 6003F5BB195388D20070C39A /* Tests.m */; };
		71719F9F1E33DC2100824A3D /* LaunchScreen.storyboard in Resources */ = {isa = PBXBuildFile; fileRef = 71719F9D1E33DC2100824A3D /* LaunchScreen.storyboard */; };
		873B8AEB1B1F5CCA007FD442 /* Main.storyboard in Resources */ = {isa = PBXBuildFile; fileRef = 873B8AEA1B1F5CCA007FD442 /* Main.storyboard */; };
		8C1486320377AE8AB45974A5 /* Pods_WTabbar_Tests.framework in Frameworks */ = {isa = PBXBuildFile; fileRef = 882C4641C5537DC54EF2088B /* Pods_WTabbar_Tests.framework */; };
		D06135C724D15A75003F90A5 /* demo1ViewController.m in Sources */ = {isa = PBXBuildFile; fileRef = D06135C124D15A74003F90A5 /* demo1ViewController.m */; };
		D06135C824D15A75003F90A5 /* WZMessageTabbarItem.m in Sources */ = {isa = PBXBuildFile; fileRef = D06135C324D15A75003F90A5 /* WZMessageTabbarItem.m */; };
		D06135C924D15A75003F90A5 /* WZTabbarViewController.m in Sources */ = {isa = PBXBuildFile; fileRef = D06135C624D15A75003F90A5 /* WZTabbarViewController.m */; };
		D06135CC24D15AF8003F90A5 /* UITabBar+WZCustom.m in Sources */ = {isa = PBXBuildFile; fileRef = D06135CA24D15AF8003F90A5 /* UITabBar+WZCustom.m */; };
		D06135E824D15B0F003F90A5 /* tabbar_community.json in Resources */ = {isa = PBXBuildFile; fileRef = D06135CF24D15B0F003F90A5 /* tabbar_community.json */; };
		D06135E924D15B0F003F90A5 /* tabbar_dynamics_img_0.png in Resources */ = {isa = PBXBuildFile; fileRef = D06135D124D15B0F003F90A5 /* tabbar_dynamics_img_0.png */; };
		D06135EA24D15B0F003F90A5 /* dynamic_img_0.png in Resources */ = {isa = PBXBuildFile; fileRef = D06135D224D15B0F003F90A5 /* dynamic_img_0.png */; };
		D06135EB24D15B0F003F90A5 /* love_img_0.png in Resources */ = {isa = PBXBuildFile; fileRef = D06135D524D15B0F003F90A5 /* love_img_0.png */; };
		D06135EC24D15B0F003F90A5 /* tabbar_love.json in Resources */ = {isa = PBXBuildFile; fileRef = D06135D624D15B0F003F90A5 /* tabbar_love.json */; };
		D06135ED24D15B0F003F90A5 /* person_img_0.png in Resources */ = {isa = PBXBuildFile; fileRef = D06135D924D15B0F003F90A5 /* person_img_0.png */; };
		D06135EE24D15B0F003F90A5 /* tabbar_person.json in Resources */ = {isa = PBXBuildFile; fileRef = D06135DA24D15B0F003F90A5 /* tabbar_person.json */; };
		D06135EF24D15B0F003F90A5 /* mes_img_0.png in Resources */ = {isa = PBXBuildFile; fileRef = D06135DD24D15B0F003F90A5 /* mes_img_0.png */; };
		D06135F024D15B0F003F90A5 /* tabbar_mes.json in Resources */ = {isa = PBXBuildFile; fileRef = D06135DE24D15B0F003F90A5 /* tabbar_mes.json */; };
		D06135F124D15B0F003F90A5 /* tabbar_search.json in Resources */ = {isa = PBXBuildFile; fileRef = D06135E024D15B0F003F90A5 /* tabbar_search.json */; };
		D06135F224D15B0F003F90A5 /* search_img_0.png in Resources */ = {isa = PBXBuildFile; fileRef = D06135E224D15B0F003F90A5 /* search_img_0.png */; };
		D06135F324D15B0F003F90A5 /* find_img_0.png in Resources */ = {isa = PBXBuildFile; fileRef = D06135E524D15B0F003F90A5 /* find_img_0.png */; };
		D06135F424D15B0F003F90A5 /* find.json in Resources */ = {isa = PBXBuildFile; fileRef = D06135E624D15B0F003F90A5 /* find.json */; };
		D06135F524D15B0F003F90A5 /* tabbar_home_ios.json in Resources */ = {isa = PBXBuildFile; fileRef = D06135E724D15B0F003F90A5 /* tabbar_home_ios.json */; };
/* End PBXBuildFile section */

/* Begin PBXContainerItemProxy section */
		6003F5B3195388D20070C39A /* PBXContainerItemProxy */ = {
			isa = PBXContainerItemProxy;
			containerPortal = 6003F582195388D10070C39A /* Project object */;
			proxyType = 1;
			remoteGlobalIDString = 6003F589195388D20070C39A;
			remoteInfo = WTabbar;
		};
/* End PBXContainerItemProxy section */

/* Begin PBXFileReference section */
		19674C292A615A64A43DEC9A /* README.md */ = {isa = PBXFileReference; includeInIndex = 1; lastKnownFileType = net.daringfireball.markdown; name = README.md; path = ../README.md; sourceTree = "<group>"; };
		43391AC7C8C6B450A6AA1486 /* Pods-WTabbar_Tests.debug.xcconfig */ = {isa = PBXFileReference; includeInIndex = 1; lastKnownFileType = text.xcconfig; name = "Pods-WTabbar_Tests.debug.xcconfig"; path = "Target Support Files/Pods-WTabbar_Tests/Pods-WTabbar_Tests.debug.xcconfig"; sourceTree = "<group>"; };
		53ED18D47771B90D7E59DA90 /* Pods-WTabbar_Example.release.xcconfig */ = {isa = PBXFileReference; includeInIndex = 1; lastKnownFileType = text.xcconfig; name = "Pods-WTabbar_Example.release.xcconfig"; path = "Target Support Files/Pods-WTabbar_Example/Pods-WTabbar_Example.release.xcconfig"; sourceTree = "<group>"; };
		6003F58A195388D20070C39A /* WTabbar_Example.app */ = {isa = PBXFileReference; explicitFileType = wrapper.application; includeInIndex = 0; path = WTabbar_Example.app; sourceTree = BUILT_PRODUCTS_DIR; };
		6003F58D195388D20070C39A /* Foundation.framework */ = {isa = PBXFileReference; lastKnownFileType = wrapper.framework; name = Foundation.framework; path = System/Library/Frameworks/Foundation.framework; sourceTree = SDKROOT; };
		6003F58F195388D20070C39A /* CoreGraphics.framework */ = {isa = PBXFileReference; lastKnownFileType = wrapper.framework; name = CoreGraphics.framework; path = System/Library/Frameworks/CoreGraphics.framework; sourceTree = SDKROOT; };
		6003F591195388D20070C39A /* UIKit.framework */ = {isa = PBXFileReference; lastKnownFileType = wrapper.framework; name = UIKit.framework; path = System/Library/Frameworks/UIKit.framework; sourceTree = SDKROOT; };
		6003F595195388D20070C39A /* WTabbar-Info.plist */ = {isa = PBXFileReference; lastKnownFileType = text.plist.xml; path = "WTabbar-Info.plist"; sourceTree = "<group>"; };
		6003F597195388D20070C39A /* en */ = {isa = PBXFileReference; lastKnownFileType = text.plist.strings; name = en; path = en.lproj/InfoPlist.strings; sourceTree = "<group>"; };
		6003F599195388D20070C39A /* main.m */ = {isa = PBXFileReference; lastKnownFileType = sourcecode.c.objc; path = main.m; sourceTree = "<group>"; };
		6003F59B195388D20070C39A /* WTabbar-Prefix.pch */ = {isa = PBXFileReference; lastKnownFileType = sourcecode.c.h; path = "WTabbar-Prefix.pch"; sourceTree = "<group>"; };
		6003F59C195388D20070C39A /* WTABBARPREFIXAppDelegate.h */ = {isa = PBXFileReference; lastKnownFileType = sourcecode.c.h; path = WTABBARPREFIXAppDelegate.h; sourceTree = "<group>"; };
		6003F59D195388D20070C39A /* WTABBARPREFIXAppDelegate.m */ = {isa = PBXFileReference; lastKnownFileType = sourcecode.c.objc; path = WTABBARPREFIXAppDelegate.m; sourceTree = "<group>"; };
		6003F5A5195388D20070C39A /* WTABBARPREFIXViewController.h */ = {isa = PBXFileReference; lastKnownFileType = sourcecode.c.h; path = WTABBARPREFIXViewController.h; sourceTree = "<group>"; };
		6003F5A6195388D20070C39A /* WTABBARPREFIXViewController.m */ = {isa = PBXFileReference; lastKnownFileType = sourcecode.c.objc; path = WTABBARPREFIXViewController.m; sourceTree = "<group>"; };
		6003F5A8195388D20070C39A /* Images.xcassets */ = {isa = PBXFileReference; lastKnownFileType = folder.assetcatalog; path = Images.xcassets; sourceTree = "<group>"; };
		6003F5AE195388D20070C39A /* WTabbar_Tests.xctest */ = {isa = PBXFileReference; explicitFileType = wrapper.cfbundle; includeInIndex = 0; path = WTabbar_Tests.xctest; sourceTree = BUILT_PRODUCTS_DIR; };
		6003F5AF195388D20070C39A /* XCTest.framework */ = {isa = PBXFileReference; lastKnownFileType = wrapper.framework; name = XCTest.framework; path = Library/Frameworks/XCTest.framework; sourceTree = DEVELOPER_DIR; };
		6003F5B7195388D20070C39A /* Tests-Info.plist */ = {isa = PBXFileReference; lastKnownFileType = text.plist.xml; path = "Tests-Info.plist"; sourceTree = "<group>"; };
		6003F5B9195388D20070C39A /* en */ = {isa = PBXFileReference; lastKnownFileType = text.plist.strings; name = en; path = en.lproj/InfoPlist.strings; sourceTree = "<group>"; };
		6003F5BB195388D20070C39A /* Tests.m */ = {isa = PBXFileReference; lastKnownFileType = sourcecode.c.objc; path = Tests.m; sourceTree = "<group>"; };
		606FC2411953D9B200FFA9A0 /* Tests-Prefix.pch */ = {isa = PBXFileReference; lastKnownFileType = sourcecode.c.h; path = "Tests-Prefix.pch"; sourceTree = "<group>"; };
		653A17146977A1020CDA5C6F /* Pods-WTabbar_Tests.release.xcconfig */ = {isa = PBXFileReference; includeInIndex = 1; lastKnownFileType = text.xcconfig; name = "Pods-WTabbar_Tests.release.xcconfig"; path = "Target Support Files/Pods-WTabbar_Tests/Pods-WTabbar_Tests.release.xcconfig"; sourceTree = "<group>"; };
		6955706FF0FE8A6600DBA959 /* Pods-WTabbar_Example.debug.xcconfig */ = {isa = PBXFileReference; includeInIndex = 1; lastKnownFileType = text.xcconfig; name = "Pods-WTabbar_Example.debug.xcconfig"; path = "Target Support Files/Pods-WTabbar_Example/Pods-WTabbar_Example.debug.xcconfig"; sourceTree = "<group>"; };
		71719F9E1E33DC2100824A3D /* Base */ = {isa = PBXFileReference; lastKnownFileType = file.storyboard; name = Base; path = Base.lproj/LaunchScreen.storyboard; sourceTree = "<group>"; };
		747CE262D5880A59F3572312 /* LICENSE */ = {isa = PBXFileReference; includeInIndex = 1; lastKnownFileType = text; name = LICENSE; path = ../LICENSE; sourceTree = "<group>"; };
		873B8AEA1B1F5CCA007FD442 /* Main.storyboard */ = {isa = PBXFileReference; fileEncoding = 4; lastKnownFileType = file.storyboard; name = Main.storyboard; path = Base.lproj/Main.storyboard; sourceTree = "<group>"; };
		882C4641C5537DC54EF2088B /* Pods_WTabbar_Tests.framework */ = {isa = PBXFileReference; explicitFileType = wrapper.framework; includeInIndex = 0; path = Pods_WTabbar_Tests.framework; sourceTree = BUILT_PRODUCTS_DIR; };
		D06135C124D15A74003F90A5 /* demo1ViewController.m */ = {isa = PBXFileReference; fileEncoding = 4; lastKnownFileType = sourcecode.c.objc; path = demo1ViewController.m; sourceTree = "<group>"; };
		D06135C224D15A74003F90A5 /* demo1ViewController.h */ = {isa = PBXFileReference; fileEncoding = 4; lastKnownFileType = sourcecode.c.h; path = demo1ViewController.h; sourceTree = "<group>"; };
		D06135C324D15A75003F90A5 /* WZMessageTabbarItem.m */ = {isa = PBXFileReference; fileEncoding = 4; lastKnownFileType = sourcecode.c.objc; path = WZMessageTabbarItem.m; sourceTree = "<group>"; };
		D06135C424D15A75003F90A5 /* WZMessageTabbarItem.h */ = {isa = PBXFileReference; fileEncoding = 4; lastKnownFileType = sourcecode.c.h; path = WZMessageTabbarItem.h; sourceTree = "<group>"; };
		D06135C524D15A75003F90A5 /* WZTabbarViewController.h */ = {isa = PBXFileReference; fileEncoding = 4; lastKnownFileType = sourcecode.c.h; path = WZTabbarViewController.h; sourceTree = "<group>"; };
		D06135C624D15A75003F90A5 /* WZTabbarViewController.m */ = {isa = PBXFileReference; fileEncoding = 4; lastKnownFileType = sourcecode.c.objc; path = WZTabbarViewController.m; sourceTree = "<group>"; };
		D06135CA24D15AF8003F90A5 /* UITabBar+WZCustom.m */ = {isa = PBXFileReference; fileEncoding = 4; lastKnownFileType = sourcecode.c.objc; path = "UITabBar+WZCustom.m"; sourceTree = "<group>"; };
		D06135CB24D15AF8003F90A5 /* UITabBar+WZCustom.h */ = {isa = PBXFileReference; fileEncoding = 4; lastKnownFileType = sourcecode.c.h; path = "UITabBar+WZCustom.h"; sourceTree = "<group>"; };
		D06135CF24D15B0F003F90A5 /* tabbar_community.json */ = {isa = PBXFileReference; fileEncoding = 4; lastKnownFileType = text.json; path = tabbar_community.json; sourceTree = "<group>"; };
		D06135D124D15B0F003F90A5 /* tabbar_dynamics_img_0.png */ = {isa = PBXFileReference; lastKnownFileType = image.png; path = tabbar_dynamics_img_0.png; sourceTree = "<group>"; };
		D06135D224D15B0F003F90A5 /* dynamic_img_0.png */ = {isa = PBXFileReference; lastKnownFileType = image.png; path = dynamic_img_0.png; sourceTree = "<group>"; };
		D06135D524D15B0F003F90A5 /* love_img_0.png */ = {isa = PBXFileReference; lastKnownFileType = image.png; path = love_img_0.png; sourceTree = "<group>"; };
		D06135D624D15B0F003F90A5 /* tabbar_love.json */ = {isa = PBXFileReference; fileEncoding = 4; lastKnownFileType = text.json; path = tabbar_love.json; sourceTree = "<group>"; };
		D06135D924D15B0F003F90A5 /* person_img_0.png */ = {isa = PBXFileReference; lastKnownFileType = image.png; path = person_img_0.png; sourceTree = "<group>"; };
		D06135DA24D15B0F003F90A5 /* tabbar_person.json */ = {isa = PBXFileReference; fileEncoding = 4; lastKnownFileType = text.json; path = tabbar_person.json; sourceTree = "<group>"; };
		D06135DD24D15B0F003F90A5 /* mes_img_0.png */ = {isa = PBXFileReference; lastKnownFileType = image.png; path = mes_img_0.png; sourceTree = "<group>"; };
		D06135DE24D15B0F003F90A5 /* tabbar_mes.json */ = {isa = PBXFileReference; fileEncoding = 4; lastKnownFileType = text.json; path = tabbar_mes.json; sourceTree = "<group>"; };
		D06135E024D15B0F003F90A5 /* tabbar_search.json */ = {isa = PBXFileReference; fileEncoding = 4; lastKnownFileType = text.json; path = tabbar_search.json; sourceTree = "<group>"; };
		D06135E224D15B0F003F90A5 /* search_img_0.png */ = {isa = PBXFileReference; lastKnownFileType = image.png; path = search_img_0.png; sourceTree = "<group>"; };
		D06135E524D15B0F003F90A5 /* find_img_0.png */ = {isa = PBXFileReference; lastKnownFileType = image.png; path = find_img_0.png; sourceTree = "<group>"; };
		D06135E624D15B0F003F90A5 /* find.json */ = {isa = PBXFileReference; fileEncoding = 4; lastKnownFileType = text.json; path = find.json; sourceTree = "<group>"; };
		D06135E724D15B0F003F90A5 /* tabbar_home_ios.json */ = {isa = PBXFileReference; fileEncoding = 4; lastKnownFileType = text.json; path = tabbar_home_ios.json; sourceTree = "<group>"; };
		EDCAC752CADB2C573A4284E3 /* Pods_WTabbar_Example.framework */ = {isa = PBXFileReference; explicitFileType = wrapper.framework; includeInIndex = 0; path = Pods_WTabbar_Example.framework; sourceTree = BUILT_PRODUCTS_DIR; };
		F88373507C6C383C2583A7CB /* WTabbar.podspec */ = {isa = PBXFileReference; includeInIndex = 1; lastKnownFileType = text; name = WTabbar.podspec; path = ../WTabbar.podspec; sourceTree = "<group>"; };
/* End PBXFileReference section */

/* Begin PBXFrameworksBuildPhase section */
		6003F587195388D20070C39A /* Frameworks */ = {
			isa = PBXFrameworksBuildPhase;
			buildActionMask = 2147483647;
			files = (
				6003F590195388D20070C39A /* CoreGraphics.framework in Frameworks */,
				6003F592195388D20070C39A /* UIKit.framework in Frameworks */,
				6003F58E195388D20070C39A /* Foundation.framework in Frameworks */,
				1078CAE8578CE416C21F933D /* Pods_WTabbar_Example.framework in Frameworks */,
			);
			runOnlyForDeploymentPostprocessing = 0;
		};
		6003F5AB195388D20070C39A /* Frameworks */ = {
			isa = PBXFrameworksBuildPhase;
			buildActionMask = 2147483647;
			files = (
				6003F5B0195388D20070C39A /* XCTest.framework in Frameworks */,
				6003F5B2195388D20070C39A /* UIKit.framework in Frameworks */,
				6003F5B1195388D20070C39A /* Foundation.framework in Frameworks */,
				8C1486320377AE8AB45974A5 /* Pods_WTabbar_Tests.framework in Frameworks */,
			);
			runOnlyForDeploymentPostprocessing = 0;
		};
/* End PBXFrameworksBuildPhase section */

/* Begin PBXGroup section */
		6003F581195388D10070C39A = {
			isa = PBXGroup;
			children = (
				60FF7A9C1954A5C5007DD14C /* Podspec Metadata */,
				6003F593195388D20070C39A /* Example for WTabbar */,
				6003F5B5195388D20070C39A /* Tests */,
				6003F58C195388D20070C39A /* Frameworks */,
				6003F58B195388D20070C39A /* Products */,
				668A6FDF12FD7E2709F2D28C /* Pods */,
			);
			sourceTree = "<group>";
		};
		6003F58B195388D20070C39A /* Products */ = {
			isa = PBXGroup;
			children = (
				6003F58A195388D20070C39A /* WTabbar_Example.app */,
				6003F5AE195388D20070C39A /* WTabbar_Tests.xctest */,
			);
			name = Products;
			sourceTree = "<group>";
		};
		6003F58C195388D20070C39A /* Frameworks */ = {
			isa = PBXGroup;
			children = (
				6003F58D195388D20070C39A /* Foundation.framework */,
				6003F58F195388D20070C39A /* CoreGraphics.framework */,
				6003F591195388D20070C39A /* UIKit.framework */,
				6003F5AF195388D20070C39A /* XCTest.framework */,
				EDCAC752CADB2C573A4284E3 /* Pods_WTabbar_Example.framework */,
				882C4641C5537DC54EF2088B /* Pods_WTabbar_Tests.framework */,
			);
			name = Frameworks;
			sourceTree = "<group>";
		};
		6003F593195388D20070C39A /* Example for WTabbar */ = {
			isa = PBXGroup;
			children = (
				6003F59C195388D20070C39A /* WTABBARPREFIXAppDelegate.h */,
				6003F59D195388D20070C39A /* WTABBARPREFIXAppDelegate.m */,
				873B8AEA1B1F5CCA007FD442 /* Main.storyboard */,
				6003F5A5195388D20070C39A /* WTABBARPREFIXViewController.h */,
				6003F5A6195388D20070C39A /* WTABBARPREFIXViewController.m */,
				D06135C224D15A74003F90A5 /* demo1ViewController.h */,
				D06135C124D15A74003F90A5 /* demo1ViewController.m */,
				D06135C424D15A75003F90A5 /* WZMessageTabbarItem.h */,
				D06135C324D15A75003F90A5 /* WZMessageTabbarItem.m */,
				D06135C524D15A75003F90A5 /* WZTabbarViewController.h */,
				D06135C624D15A75003F90A5 /* WZTabbarViewController.m */,
				D06135CB24D15AF8003F90A5 /* UITabBar+WZCustom.h */,
				D06135CA24D15AF8003F90A5 /* UITabBar+WZCustom.m */,
				D06135CD24D15B0F003F90A5 /* Json */,
				71719F9D1E33DC2100824A3D /* LaunchScreen.storyboard */,
				6003F5A8195388D20070C39A /* Images.xcassets */,
				6003F594195388D20070C39A /* Supporting Files */,
			);
			name = "Example for WTabbar";
			path = WTabbar;
			sourceTree = "<group>";
		};
		6003F594195388D20070C39A /* Supporting Files */ = {
			isa = PBXGroup;
			children = (
				6003F595195388D20070C39A /* WTabbar-Info.plist */,
				6003F596195388D20070C39A /* InfoPlist.strings */,
				6003F599195388D20070C39A /* main.m */,
				6003F59B195388D20070C39A /* WTabbar-Prefix.pch */,
			);
			name = "Supporting Files";
			sourceTree = "<group>";
		};
		6003F5B5195388D20070C39A /* Tests */ = {
			isa = PBXGroup;
			children = (
				6003F5BB195388D20070C39A /* Tests.m */,
				6003F5B6195388D20070C39A /* Supporting Files */,
			);
			path = Tests;
			sourceTree = "<group>";
		};
		6003F5B6195388D20070C39A /* Supporting Files */ = {
			isa = PBXGroup;
			children = (
				6003F5B7195388D20070C39A /* Tests-Info.plist */,
				6003F5B8195388D20070C39A /* InfoPlist.strings */,
				606FC2411953D9B200FFA9A0 /* Tests-Prefix.pch */,
			);
			name = "Supporting Files";
			sourceTree = "<group>";
		};
		60FF7A9C1954A5C5007DD14C /* Podspec Metadata */ = {
			isa = PBXGroup;
			children = (
				F88373507C6C383C2583A7CB /* WTabbar.podspec */,
				19674C292A615A64A43DEC9A /* README.md */,
				747CE262D5880A59F3572312 /* LICENSE */,
			);
			name = "Podspec Metadata";
			sourceTree = "<group>";
		};
		668A6FDF12FD7E2709F2D28C /* Pods */ = {
			isa = PBXGroup;
			children = (
				6955706FF0FE8A6600DBA959 /* Pods-WTabbar_Example.debug.xcconfig */,
				53ED18D47771B90D7E59DA90 /* Pods-WTabbar_Example.release.xcconfig */,
				43391AC7C8C6B450A6AA1486 /* Pods-WTabbar_Tests.debug.xcconfig */,
				653A17146977A1020CDA5C6F /* Pods-WTabbar_Tests.release.xcconfig */,
			);
			path = Pods;
			sourceTree = "<group>";
		};
		D06135CD24D15B0F003F90A5 /* Json */ = {
			isa = PBXGroup;
			children = (
				D06135CE24D15B0F003F90A5 /* dynamic */,
				D06135D324D15B0F003F90A5 /* love */,
				D06135D724D15B0F003F90A5 /* person */,
				D06135DB24D15B0F003F90A5 /* mes */,
				D06135DF24D15B0F003F90A5 /* search */,
				D06135E324D15B0F003F90A5 /* find */,
				D06135E724D15B0F003F90A5 /* tabbar_home_ios.json */,
			);
			path = Json;
			sourceTree = "<group>";
		};
		D06135CE24D15B0F003F90A5 /* dynamic */ = {
			isa = PBXGroup;
			children = (
				D06135CF24D15B0F003F90A5 /* tabbar_community.json */,
				D06135D024D15B0F003F90A5 /* images */,
			);
			path = dynamic;
			sourceTree = "<group>";
		};
		D06135D024D15B0F003F90A5 /* images */ = {
			isa = PBXGroup;
			children = (
				D06135D124D15B0F003F90A5 /* tabbar_dynamics_img_0.png */,
				D06135D224D15B0F003F90A5 /* dynamic_img_0.png */,
			);
			path = images;
			sourceTree = "<group>";
		};
		D06135D324D15B0F003F90A5 /* love */ = {
			isa = PBXGroup;
			children = (
				D06135D424D15B0F003F90A5 /* images */,
				D06135D624D15B0F003F90A5 /* tabbar_love.json */,
			);
			path = love;
			sourceTree = "<group>";
		};
		D06135D424D15B0F003F90A5 /* images */ = {
			isa = PBXGroup;
			children = (
				D06135D524D15B0F003F90A5 /* love_img_0.png */,
			);
			path = images;
			sourceTree = "<group>";
		};
		D06135D724D15B0F003F90A5 /* person */ = {
			isa = PBXGroup;
			children = (
				D06135D824D15B0F003F90A5 /* images */,
				D06135DA24D15B0F003F90A5 /* tabbar_person.json */,
			);
			path = person;
			sourceTree = "<group>";
		};
		D06135D824D15B0F003F90A5 /* images */ = {
			isa = PBXGroup;
			children = (
				D06135D924D15B0F003F90A5 /* person_img_0.png */,
			);
			path = images;
			sourceTree = "<group>";
		};
		D06135DB24D15B0F003F90A5 /* mes */ = {
			isa = PBXGroup;
			children = (
				D06135DC24D15B0F003F90A5 /* images */,
				D06135DE24D15B0F003F90A5 /* tabbar_mes.json */,
			);
			path = mes;
			sourceTree = "<group>";
		};
		D06135DC24D15B0F003F90A5 /* images */ = {
			isa = PBXGroup;
			children = (
				D06135DD24D15B0F003F90A5 /* mes_img_0.png */,
			);
			path = images;
			sourceTree = "<group>";
		};
		D06135DF24D15B0F003F90A5 /* search */ = {
			isa = PBXGroup;
			children = (
				D06135E024D15B0F003F90A5 /* tabbar_search.json */,
				D06135E124D15B0F003F90A5 /* images */,
			);
			path = search;
			sourceTree = "<group>";
		};
		D06135E124D15B0F003F90A5 /* images */ = {
			isa = PBXGroup;
			children = (
				D06135E224D15B0F003F90A5 /* search_img_0.png */,
			);
			path = images;
			sourceTree = "<group>";
		};
		D06135E324D15B0F003F90A5 /* find */ = {
			isa = PBXGroup;
			children = (
				D06135E424D15B0F003F90A5 /* images */,
				D06135E624D15B0F003F90A5 /* find.json */,
			);
			path = find;
			sourceTree = "<group>";
		};
		D06135E424D15B0F003F90A5 /* images */ = {
			isa = PBXGroup;
			children = (
				D06135E524D15B0F003F90A5 /* find_img_0.png */,
			);
			path = images;
			sourceTree = "<group>";
		};
/* End PBXGroup section */

/* Begin PBXNativeTarget section */
		6003F589195388D20070C39A /* WTabbar_Example */ = {
			isa = PBXNativeTarget;
			buildConfigurationList = 6003F5BF195388D20070C39A /* Build configuration list for PBXNativeTarget "WTabbar_Example" */;
			buildPhases = (
				E7620CBA2ED02C4912B8B173 /* [CP] Check Pods Manifest.lock */,
				6003F586195388D20070C39A /* Sources */,
				6003F587195388D20070C39A /* Frameworks */,
				6003F588195388D20070C39A /* Resources */,
				3C8A817F9C5BF3897FD94450 /* [CP] Embed Pods Frameworks */,
			);
			buildRules = (
			);
			dependencies = (
			);
			name = WTabbar_Example;
			productName = WTabbar;
			productReference = 6003F58A195388D20070C39A /* WTabbar_Example.app */;
			productType = "com.apple.product-type.application";
		};
		6003F5AD195388D20070C39A /* WTabbar_Tests */ = {
			isa = PBXNativeTarget;
			buildConfigurationList = 6003F5C2195388D20070C39A /* Build configuration list for PBXNativeTarget "WTabbar_Tests" */;
			buildPhases = (
				CB485C05E430843A7D0DCA07 /* [CP] Check Pods Manifest.lock */,
				6003F5AA195388D20070C39A /* Sources */,
				6003F5AB195388D20070C39A /* Frameworks */,
				6003F5AC195388D20070C39A /* Resources */,
				422A97F7230514C2CDA17A59 /* [CP] Embed Pods Frameworks */,
			);
			buildRules = (
			);
			dependencies = (
				6003F5B4195388D20070C39A /* PBXTargetDependency */,
			);
			name = WTabbar_Tests;
			productName = WTabbarTests;
			productReference = 6003F5AE195388D20070C39A /* WTabbar_Tests.xctest */;
			productType = "com.apple.product-type.bundle.unit-test";
		};
/* End PBXNativeTarget section */

/* Begin PBXProject section */
		6003F582195388D10070C39A /* Project object */ = {
			isa = PBXProject;
			attributes = {
				CLASSPREFIX = WTABBARPREFIX;
				LastUpgradeCheck = 0720;
				ORGANIZATIONNAME = wby0214;
				TargetAttributes = {
					6003F5AD195388D20070C39A = {
						TestTargetID = 6003F589195388D20070C39A;
					};
				};
			};
			buildConfigurationList = 6003F585195388D10070C39A /* Build configuration list for PBXProject "WTabbar" */;
			compatibilityVersion = "Xcode 3.2";
			developmentRegion = English;
			hasScannedForEncodings = 0;
			knownRegions = (
				English,
				en,
				Base,
			);
			mainGroup = 6003F581195388D10070C39A;
			productRefGroup = 6003F58B195388D20070C39A /* Products */;
			projectDirPath = "";
			projectRoot = "";
			targets = (
				6003F589195388D20070C39A /* WTabbar_Example */,
				6003F5AD195388D20070C39A /* WTabbar_Tests */,
			);
		};
/* End PBXProject section */

/* Begin PBXResourcesBuildPhase section */
		6003F588195388D20070C39A /* Resources */ = {
			isa = PBXResourcesBuildPhase;
			buildActionMask = 2147483647;
			files = (
				D06135E824D15B0F003F90A5 /* tabbar_community.json in Resources */,
				D06135EA24D15B0F003F90A5 /* dynamic_img_0.png in Resources */,
				D06135F424D15B0F003F90A5 /* find.json in Resources */,
				D06135F224D15B0F003F90A5 /* search_img_0.png in Resources */,
				D06135EB24D15B0F003F90A5 /* love_img_0.png in Resources */,
				D06135F124D15B0F003F90A5 /* tabbar_search.json in Resources */,
				D06135EE24D15B0F003F90A5 /* tabbar_person.json in Resources */,
				D06135EF24D15B0F003F90A5 /* mes_img_0.png in Resources */,
				873B8AEB1B1F5CCA007FD442 /* Main.storyboard in Resources */,
				D06135E924D15B0F003F90A5 /* tabbar_dynamics_img_0.png in Resources */,
				D06135F524D15B0F003F90A5 /* tabbar_home_ios.json in Resources */,
				71719F9F1E33DC2100824A3D /* LaunchScreen.storyboard in Resources */,
				6003F5A9195388D20070C39A /* Images.xcassets in Resources */,
				D06135ED24D15B0F003F90A5 /* person_img_0.png in Resources */,
				D06135F024D15B0F003F90A5 /* tabbar_mes.json in Resources */,
				D06135F324D15B0F003F90A5 /* find_img_0.png in Resources */,
				D06135EC24D15B0F003F90A5 /* tabbar_love.json in Resources */,
				6003F598195388D20070C39A /* InfoPlist.strings in Resources */,
			);
			runOnlyForDeploymentPostprocessing = 0;
		};
		6003F5AC195388D20070C39A /* Resources */ = {
			isa = PBXResourcesBuildPhase;
			buildActionMask = 2147483647;
			files = (
				6003F5BA195388D20070C39A /* InfoPlist.strings in Resources */,
			);
			runOnlyForDeploymentPostprocessing = 0;
		};
/* End PBXResourcesBuildPhase section */

/* Begin PBXShellScriptBuildPhase section */
		3C8A817F9C5BF3897FD94450 /* [CP] Embed Pods Frameworks */ = {
			isa = PBXShellScriptBuildPhase;
			buildActionMask = 2147483647;
			files = (
			);
			inputPaths = (
				"${PODS_ROOT}/Target Support Files/Pods-WTabbar_Example/Pods-WTabbar_Example-frameworks.sh",
				"${BUILT_PRODUCTS_DIR}/WTabbar/WTabbar.framework",
			);
			name = "[CP] Embed Pods Frameworks";
			outputPaths = (
				"${TARGET_BUILD_DIR}/${FRAMEWORKS_FOLDER_PATH}/WTabbar.framework",
			);
			runOnlyForDeploymentPostprocessing = 0;
			shellPath = /bin/sh;
			shellScript = "\"${PODS_ROOT}/Target Support Files/Pods-WTabbar_Example/Pods-WTabbar_Example-frameworks.sh\"\n";
			showEnvVarsInLog = 0;
		};
		422A97F7230514C2CDA17A59 /* [CP] Embed Pods Frameworks */ = {
			isa = PBXShellScriptBuildPhase;
			buildActionMask = 2147483647;
			files = (
			);
			inputPaths = (
				"${PODS_ROOT}/Target Support Files/Pods-WTabbar_Tests/Pods-WTabbar_Tests-frameworks.sh",
				"${BUILT_PRODUCTS_DIR}/FBSnapshotTestCase/FBSnapshotTestCase.framework",
			);
			name = "[CP] Embed Pods Frameworks";
			outputPaths = (
				"${TARGET_BUILD_DIR}/${FRAMEWORKS_FOLDER_PATH}/FBSnapshotTestCase.framework",
			);
			runOnlyForDeploymentPostprocessing = 0;
			shellPath = /bin/sh;
			shellScript = "\"${PODS_ROOT}/Target Support Files/Pods-WTabbar_Tests/Pods-WTabbar_Tests-frameworks.sh\"\n";
			showEnvVarsInLog = 0;
		};
		CB485C05E430843A7D0DCA07 /* [CP] Check Pods Manifest.lock */ = {
			isa = PBXShellScriptBuildPhase;
			buildActionMask = 2147483647;
			files = (
			);
			inputFileListPaths = (
			);
			inputPaths = (
				"${PODS_PODFILE_DIR_PATH}/Podfile.lock",
				"${PODS_ROOT}/Manifest.lock",
			);
			name = "[CP] Check Pods Manifest.lock";
			outputFileListPaths = (
			);
			outputPaths = (
				"$(DERIVED_FILE_DIR)/Pods-WTabbar_Tests-checkManifestLockResult.txt",
			);
			runOnlyForDeploymentPostprocessing = 0;
			shellPath = /bin/sh;
			shellScript = "diff \"${PODS_PODFILE_DIR_PATH}/Podfile.lock\" \"${PODS_ROOT}/Manifest.lock\" > /dev/null\nif [ $? != 0 ] ; then\n    # print error to STDERR\n    echo \"error: The sandbox is not in sync with the Podfile.lock. Run 'pod install' or update your CocoaPods installation.\" >&2\n    exit 1\nfi\n# This output is used by Xcode 'outputs' to avoid re-running this script phase.\necho \"SUCCESS\" > \"${SCRIPT_OUTPUT_FILE_0}\"\n";
			showEnvVarsInLog = 0;
		};
		E7620CBA2ED02C4912B8B173 /* [CP] Check Pods Manifest.lock */ = {
			isa = PBXShellScriptBuildPhase;
			buildActionMask = 2147483647;
			files = (
			);
			inputFileListPaths = (
			);
			inputPaths = (
				"${PODS_PODFILE_DIR_PATH}/Podfile.lock",
				"${PODS_ROOT}/Manifest.lock",
			);
			name = "[CP] Check Pods Manifest.lock";
			outputFileListPaths = (
			);
			outputPaths = (
				"$(DERIVED_FILE_DIR)/Pods-WTabbar_Example-checkManifestLockResult.txt",
			);
			runOnlyForDeploymentPostprocessing = 0;
			shellPath = /bin/sh;
			shellScript = "diff \"${PODS_PODFILE_DIR_PATH}/Podfile.lock\" \"${PODS_ROOT}/Manifest.lock\" > /dev/null\nif [ $? != 0 ] ; then\n    # print error to STDERR\n    echo \"error: The sandbox is not in sync with the Podfile.lock. Run 'pod install' or update your CocoaPods installation.\" >&2\n    exit 1\nfi\n# This output is used by Xcode 'outputs' to avoid re-running this script phase.\necho \"SUCCESS\" > \"${SCRIPT_OUTPUT_FILE_0}\"\n";
			showEnvVarsInLog = 0;
		};
/* End PBXShellScriptBuildPhase section */

/* Begin PBXSourcesBuildPhase section */
		6003F586195388D20070C39A /* Sources */ = {
			isa = PBXSourcesBuildPhase;
			buildActionMask = 2147483647;
			files = (
				D06135CC24D15AF8003F90A5 /* UITabBar+WZCustom.m in Sources */,
				6003F59E195388D20070C39A /* WTABBARPREFIXAppDelegate.m in Sources */,
				D06135C924D15A75003F90A5 /* WZTabbarViewController.m in Sources */,
				D06135C724D15A75003F90A5 /* demo1ViewController.m in Sources */,
				6003F5A7195388D20070C39A /* WTABBARPREFIXViewController.m in Sources */,
				D06135C824D15A75003F90A5 /* WZMessageTabbarItem.m in Sources */,
				6003F59A195388D20070C39A /* main.m in Sources */,
			);
			runOnlyForDeploymentPostprocessing = 0;
		};
		6003F5AA195388D20070C39A /* Sources */ = {
			isa = PBXSourcesBuildPhase;
			buildActionMask = 2147483647;
			files = (
				6003F5BC195388D20070C39A /* Tests.m in Sources */,
			);
			runOnlyForDeploymentPostprocessing = 0;
		};
/* End PBXSourcesBuildPhase section */

/* Begin PBXTargetDependency section */
		6003F5B4195388D20070C39A /* PBXTargetDependency */ = {
			isa = PBXTargetDependency;
			target = 6003F589195388D20070C39A /* WTabbar_Example */;
			targetProxy = 6003F5B3195388D20070C39A /* PBXContainerItemProxy */;
		};
/* End PBXTargetDependency section */

/* Begin PBXVariantGroup section */
		6003F596195388D20070C39A /* InfoPlist.strings */ = {
			isa = PBXVariantGroup;
			children = (
				6003F597195388D20070C39A /* en */,
			);
			name = InfoPlist.strings;
			sourceTree = "<group>";
		};
		6003F5B8195388D20070C39A /* InfoPlist.strings */ = {
			isa = PBXVariantGroup;
			children = (
				6003F5B9195388D20070C39A /* en */,
			);
			name = InfoPlist.strings;
			sourceTree = "<group>";
		};
		71719F9D1E33DC2100824A3D /* LaunchScreen.storyboard */ = {
			isa = PBXVariantGroup;
			children = (
				71719F9E1E33DC2100824A3D /* Base */,
			);
			name = LaunchScreen.storyboard;
			sourceTree = "<group>";
		};
/* End PBXVariantGroup section */

/* Begin XCBuildConfiguration section */
		6003F5BD195388D20070C39A /* Debug */ = {
			isa = XCBuildConfiguration;
			buildSettings = {
				ALWAYS_SEARCH_USER_PATHS = NO;
				CLANG_CXX_LANGUAGE_STANDARD = "gnu++0x";
				CLANG_CXX_LIBRARY = "libc++";
				CLANG_ENABLE_MODULES = YES;
				CLANG_ENABLE_OBJC_ARC = YES;
				CLANG_WARN_BOOL_CONVERSION = YES;
				CLANG_WARN_CONSTANT_CONVERSION = YES;
				CLANG_WARN_DIRECT_OBJC_ISA_USAGE = YES_ERROR;
				CLANG_WARN_EMPTY_BODY = YES;
				CLANG_WARN_ENUM_CONVERSION = YES;
				CLANG_WARN_INT_CONVERSION = YES;
				CLANG_WARN_OBJC_ROOT_CLASS = YES_ERROR;
				CLANG_WARN__DUPLICATE_METHOD_MATCH = YES;
				"CODE_SIGN_IDENTITY[sdk=iphoneos*]" = "iPhone Developer";
				COPY_PHASE_STRIP = NO;
				ENABLE_TESTABILITY = YES;
				GCC_C_LANGUAGE_STANDARD = gnu99;
				GCC_DYNAMIC_NO_PIC = NO;
				GCC_OPTIMIZATION_LEVEL = 0;
				GCC_PREPROCESSOR_DEFINITIONS = (
					"DEBUG=1",
					"$(inherited)",
				);
				GCC_SYMBOLS_PRIVATE_EXTERN = NO;
				GCC_WARN_64_TO_32_BIT_CONVERSION = YES;
				GCC_WARN_ABOUT_RETURN_TYPE = YES_ERROR;
				GCC_WARN_UNDECLARED_SELECTOR = YES;
				GCC_WARN_UNINITIALIZED_AUTOS = YES_AGGRESSIVE;
				GCC_WARN_UNUSED_FUNCTION = YES;
				GCC_WARN_UNUSED_VARIABLE = YES;
				IPHONEOS_DEPLOYMENT_TARGET = 9.3;
				ONLY_ACTIVE_ARCH = YES;
				SDKROOT = iphoneos;
				TARGETED_DEVICE_FAMILY = "1,2";
			};
			name = Debug;
		};
		6003F5BE195388D20070C39A /* Release */ = {
			isa = XCBuildConfiguration;
			buildSettings = {
				ALWAYS_SEARCH_USER_PATHS = NO;
				CLANG_CXX_LANGUAGE_STANDARD = "gnu++0x";
				CLANG_CXX_LIBRARY = "libc++";
				CLANG_ENABLE_MODULES = YES;
				CLANG_ENABLE_OBJC_ARC = YES;
				CLANG_WARN_BOOL_CONVERSION = YES;
				CLANG_WARN_CONSTANT_CONVERSION = YES;
				CLANG_WARN_DIRECT_OBJC_ISA_USAGE = YES_ERROR;
				CLANG_WARN_EMPTY_BODY = YES;
				CLANG_WARN_ENUM_CONVERSION = YES;
				CLANG_WARN_INT_CONVERSION = YES;
				CLANG_WARN_OBJC_ROOT_CLASS = YES_ERROR;
				CLANG_WARN__DUPLICATE_METHOD_MATCH = YES;
				"CODE_SIGN_IDENTITY[sdk=iphoneos*]" = "iPhone Developer";
				COPY_PHASE_STRIP = YES;
				ENABLE_NS_ASSERTIONS = NO;
				GCC_C_LANGUAGE_STANDARD = gnu99;
				GCC_WARN_64_TO_32_BIT_CONVERSION = YES;
				GCC_WARN_ABOUT_RETURN_TYPE = YES_ERROR;
				GCC_WARN_UNDECLARED_SELECTOR = YES;
				GCC_WARN_UNINITIALIZED_AUTOS = YES_AGGRESSIVE;
				GCC_WARN_UNUSED_FUNCTION = YES;
				GCC_WARN_UNUSED_VARIABLE = YES;
				IPHONEOS_DEPLOYMENT_TARGET = 9.3;
				SDKROOT = iphoneos;
				TARGETED_DEVICE_FAMILY = "1,2";
				VALIDATE_PRODUCT = YES;
			};
			name = Release;
		};
		6003F5C0195388D20070C39A /* Debug */ = {
			isa = XCBuildConfiguration;
			baseConfigurationReference = 6955706FF0FE8A6600DBA959 /* Pods-WTabbar_Example.debug.xcconfig */;
			buildSettings = {
				ASSETCATALOG_COMPILER_APPICON_NAME = AppIcon;
				GCC_PRECOMPILE_PREFIX_HEADER = YES;
				GCC_PREFIX_HEADER = "WTabbar/WTabbar-Prefix.pch";
				INFOPLIST_FILE = "WTabbar/WTabbar-Info.plist";
				MODULE_NAME = ExampleApp;
				PRODUCT_BUNDLE_IDENTIFIER = "org.cocoapods.demo.${PRODUCT_NAME:rfc1034identifier}";
				PRODUCT_NAME = "$(TARGET_NAME)";
				SWIFT_VERSION = 4.0;
				WRAPPER_EXTENSION = app;
			};
			name = Debug;
		};
		6003F5C1195388D20070C39A /* Release */ = {
			isa = XCBuildConfiguration;
			baseConfigurationReference = 53ED18D47771B90D7E59DA90 /* Pods-WTabbar_Example.release.xcconfig */;
			buildSettings = {
				ASSETCATALOG_COMPILER_APPICON_NAME = AppIcon;
				GCC_PRECOMPILE_PREFIX_HEADER = YES;
				GCC_PREFIX_HEADER = "WTabbar/WTabbar-Prefix.pch";
				INFOPLIST_FILE = "WTabbar/WTabbar-Info.plist";
				MODULE_NAME = ExampleApp;
				PRODUCT_BUNDLE_IDENTIFIER = "org.cocoapods.demo.${PRODUCT_NAME:rfc1034identifier}";
				PRODUCT_NAME = "$(TARGET_NAME)";
				SWIFT_VERSION = 4.0;
				WRAPPER_EXTENSION = app;
			};
			name = Release;
		};
		6003F5C3195388D20070C39A /* Debug */ = {
			isa = XCBuildConfiguration;
			baseConfigurationReference = 43391AC7C8C6B450A6AA1486 /* Pods-WTabbar_Tests.debug.xcconfig */;
			buildSettings = {
				BUNDLE_LOADER = "$(TEST_HOST)";
				FRAMEWORK_SEARCH_PATHS = (
					"$(PLATFORM_DIR)/Developer/Library/Frameworks",
					"$(inherited)",
					"$(DEVELOPER_FRAMEWORKS_DIR)",
				);
				GCC_PRECOMPILE_PREFIX_HEADER = YES;
				GCC_PREFIX_HEADER = "Tests/Tests-Prefix.pch";
				GCC_PREPROCESSOR_DEFINITIONS = (
					"DEBUG=1",
					"$(inherited)",
				);
				INFOPLIST_FILE = "Tests/Tests-Info.plist";
				PRODUCT_BUNDLE_IDENTIFIER = "org.cocoapods.demo.${PRODUCT_NAME:rfc1034identifier}";
				PRODUCT_NAME = "$(TARGET_NAME)";
				SWIFT_VERSION = 4.0;
				TEST_HOST = "$(BUILT_PRODUCTS_DIR)/WTabbar_Example.app/WTabbar_Example";
				WRAPPER_EXTENSION = xctest;
			};
			name = Debug;
		};
		6003F5C4195388D20070C39A /* Release */ = {
			isa = XCBuildConfiguration;
			baseConfigurationReference = 653A17146977A1020CDA5C6F /* Pods-WTabbar_Tests.release.xcconfig */;
			buildSettings = {
				BUNDLE_LOADER = "$(TEST_HOST)";
				FRAMEWORK_SEARCH_PATHS = (
					"$(PLATFORM_DIR)/Developer/Library/Frameworks",
					"$(inherited)",
					"$(DEVELOPER_FRAMEWORKS_DIR)",
				);
				GCC_PRECOMPILE_PREFIX_HEADER = YES;
				GCC_PREFIX_HEADER = "Tests/Tests-Prefix.pch";
				INFOPLIST_FILE = "Tests/Tests-Info.plist";
				PRODUCT_BUNDLE_IDENTIFIER = "org.cocoapods.demo.${PRODUCT_NAME:rfc1034identifier}";
				PRODUCT_NAME = "$(TARGET_NAME)";
				SWIFT_VERSION = 4.0;
				TEST_HOST = "$(BUILT_PRODUCTS_DIR)/WTabbar_Example.app/WTabbar_Example";
				WRAPPER_EXTENSION = xctest;
			};
			name = Release;
		};
/* End XCBuildConfiguration section */

/* Begin XCConfigurationList section */
		6003F585195388D10070C39A /* Build configuration list for PBXProject "WTabbar" */ = {
			isa = XCConfigurationList;
			buildConfigurations = (
				6003F5BD195388D20070C39A /* Debug */,
				6003F5BE195388D20070C39A /* Release */,
			);
			defaultConfigurationIsVisible = 0;
			defaultConfigurationName = Release;
		};
		6003F5BF195388D20070C39A /* Build configuration list for PBXNativeTarget "WTabbar_Example" */ = {
			isa = XCConfigurationList;
			buildConfigurations = (
				6003F5C0195388D20070C39A /* Debug */,
				6003F5C1195388D20070C39A /* Release */,
			);
			defaultConfigurationIsVisible = 0;
			defaultConfigurationName = Release;
		};
		6003F5C2195388D20070C39A /* Build configuration list for PBXNativeTarget "WTabbar_Tests" */ = {
			isa = XCConfigurationList;
			buildConfigurations = (
				6003F5C3195388D20070C39A /* Debug */,
				6003F5C4195388D20070C39A /* Release */,
			);
			defaultConfigurationIsVisible = 0;
			defaultConfigurationName = Release;
		};
/* End XCConfigurationList section */
	};
	rootObject = 6003F582195388D10070C39A /* Project object */;
}
